
Microsoft Visual Studio Solution File, Format Version 12.00
Project("{FAE04EC0-301F-11D3-BF4B-00C04F79EFBC}") = "Data", "Data\Data.csproj", "{270C3EA4-C2A3-42A9-9176-D06B23373C07}"
EndProject
Project("{FAE04EC0-301F-11D3-BF4B-00C04F79EFBC}") = "Logic", "Logic\Logic.csproj", "{C4033494-A1DD-4C25-B094-5707ED9794BC}"
EndProject
Project("{FAE04EC0-301F-11D3-BF4B-00C04F79EFBC}") = "DataTests", "DataTests\DataTests.csproj", "{9EDFAA88-5120-4545-825D-AA74C6615081}"
EndProject
Project("{FAE04EC0-301F-11D3-BF4B-00C04F79EFBC}") = "LogicTests", "LogicTests\LogicTests.csproj", "{E3E8F080-3A4E-47D9-BA2F-1499AF3DC99F}"
EndProject
Global
	GlobalSection(SolutionConfigurationPlatforms) = preSolution
		Debug|Any CPU = Debug|Any CPU
		Release|Any CPU = Release|Any CPU
	EndGlobalSection
	GlobalSection(ProjectConfigurationPlatforms) = postSolution
		{270C3EA4-C2A3-42A9-9176-D06B23373C07}.Debug|Any CPU.ActiveCfg = Debug|Any CPU
		{270C3EA4-C2A3-42A9-9176-D06B23373C07}.Debug|Any CPU.Build.0 = Debug|Any CPU
		{270C3EA4-C2A3-42A9-9176-D06B23373C07}.Release|Any CPU.ActiveCfg = Release|Any CPU
		{270C3EA4-C2A3-42A9-9176-D06B23373C07}.Release|Any CPU.Build.0 = Release|Any CPU
		{C4033494-A1DD-4C25-B094-5707ED9794BC}.Debug|Any CPU.ActiveCfg = Debug|Any CPU
		{C4033494-A1DD-4C25-B094-5707ED9794BC}.Debug|Any CPU.Build.0 = Debug|Any CPU
		{C4033494-A1DD-4C25-B094-5707ED9794BC}.Release|Any CPU.ActiveCfg = Release|Any CPU
		{C4033494-A1DD-4C25-B094-5707ED9794BC}.Release|Any CPU.Build.0 = Release|Any CPU
		{9EDFAA88-5120-4545-825D-AA74C6615081}.Debug|Any CPU.ActiveCfg = Debug|Any CPU
		{9EDFAA88-5120-4545-825D-AA74C6615081}.Debug|Any CPU.Build.0 = Debug|Any CPU
		{9EDFAA88-5120-4545-825D-AA74C6615081}.Release|Any CPU.ActiveCfg = Release|Any CPU
		{9EDFAA88-5120-4545-825D-AA74C6615081}.Release|Any CPU.Build.0 = Release|Any CPU
		{E3E8F080-3A4E-47D9-BA2F-1499AF3DC99F}.Debug|Any CPU.ActiveCfg = Debug|Any CPU
		{E3E8F080-3A4E-47D9-BA2F-1499AF3DC99F}.Debug|Any CPU.Build.0 = Debug|Any CPU
		{E3E8F080-3A4E-47D9-BA2F-1499AF3DC99F}.Release|Any CPU.ActiveCfg = Release|Any CPU
		{E3E8F080-3A4E-47D9-BA2F-1499AF3DC99F}.Release|Any CPU.Build.0 = Release|Any CPU
	EndGlobalSection
EndGlobal
